
Microsoft Visual Studio Solution File, Format Version 12.00
# Visual Studio Version 17
VisualStudioVersion = 17.4.33205.214
MinimumVisualStudioVersion = 10.0.40219.1
Project("{FAE04EC0-301F-11D3-BF4B-00C04F79EFBC}") = "Delta_Car_Test", "Delta_Car_Test\Delta_Car_Test.csproj", "{E1403313-55EC-4280-84FB-6A7F0CAFFA92}"
EndProject
Global
	GlobalSection(SolutionConfigurationPlatforms) = preSolution
		Debug|Any CPU = Debug|Any CPU
		Release|Any CPU = Release|Any CPU
	EndGlobalSection
	GlobalSection(ProjectConfigurationPlatforms) = postSolution
		{E1403313-55EC-4280-84FB-6A7F0CAFFA92}.Debug|Any CPU.ActiveCfg = Debug|Any CPU
		{E1403313-55EC-4280-84FB-6A7F0CAFFA92}.Debug|Any CPU.Build.0 = Debug|Any CPU
		{E1403313-55EC-4280-84FB-6A7F0CAFFA92}.Release|Any CPU.ActiveCfg = Release|Any CPU
		{E1403313-55EC-4280-84FB-6A7F0CAFFA92}.Release|Any CPU.Build.0 = Release|Any CPU
	EndGlobalSection
	GlobalSection(SolutionProperties) = preSolution
		HideSolutionNode = FALSE
	EndGlobalSection
	GlobalSection(ExtensibilityGlobals) = postSolution
		SolutionGuid = {B6F0A75E-C43C-48C6-A5C6-89323D1F5A8B}
	EndGlobalSection
EndGlobal
